{
  "name": "tweet_hack",
  "version": "1.0.0",
  "lockfileVersion": 1,
  "requires": true,
  "dependencies": {
    "@types/common-tags": {
      "version": "1.8.1",
      "resolved": "https://registry.npmjs.org/@types/common-tags/-/common-tags-1.8.1.tgz",
      "integrity": "sha512-20R/mDpKSPWdJs5TOpz3e7zqbeCNuMCPhV7Yndk9KU2Rbij2r5W4RzwDPkzC+2lzUqXYu9rFzTktCBnDjHuNQg==",
      "dev": true
    }
  }
}
